// !$*UTF8*$!
{
	archiveVersion = 1;
	classes = {
	};
	objectVersion = 50;
	objects = {

/* Begin PBXBuildFile section */
		1CB7743923C51F2A00F8D21F /* AppDelegate.swift in Sources */ = {isa = PBXBuildFile; fileRef = 1CB7743823C51F2A00F8D21F /* AppDelegate.swift */; };
		1CB7743B23C51F2A00F8D21F /* SceneDelegate.swift in Sources */ = {isa = PBXBuildFile; fileRef = 1CB7743A23C51F2A00F8D21F /* SceneDelegate.swift */; };
		1CB7743D23C51F2A00F8D21F /* ViewController.swift in Sources */ = {isa = PBXBuildFile; fileRef = 1CB7743C23C51F2A00F8D21F /* ViewController.swift */; };
		1CB7744023C51F2A00F8D21F /* Main.storyboard in Resources */ = {isa = PBXBuildFile; fileRef = 1CB7743E23C51F2A00F8D21F /* Main.storyboard */; };
		1CB7744223C51F2B00F8D21F /* Assets.xcassets in Resources */ = {isa = PBXBuildFile; fileRef = 1CB7744123C51F2B00F8D21F /* Assets.xcassets */; };
		1CB7744523C51F2B00F8D21F /* LaunchScreen.storyboard in Resources */ = {isa = PBXBuildFile; fileRef = 1CB7744323C51F2B00F8D21F /* LaunchScreen.storyboard */; };
		1CB7744D23C5218100F8D21F /* bach.mp3 in Resources */ = {isa = PBXBuildFile; fileRef = 1CB7744C23C5218100F8D21F /* bach.mp3 */; };
		1CB7745723C538D600F8D21F /* hit.mp3 in Resources */ = {isa = PBXBuildFile; fileRef = 1CB7744F23C538D600F8D21F /* hit.mp3 */; };
		1CB7745823C538D600F8D21F /* wah.mp3 in Resources */ = {isa = PBXBuildFile; fileRef = 1CB7745023C538D600F8D21F /* wah.mp3 */; };
		1CB7745923C538D600F8D21F /* warble.mp3 in Resources */ = {isa = PBXBuildFile; fileRef = 1CB7745123C538D600F8D21F /* warble.mp3 */; };
		1CB7745A23C538D600F8D21F /* explosion.mp3 in Resources */ = {isa = PBXBuildFile; fileRef = 1CB7745223C538D600F8D21F /* explosion.mp3 */; };
		1CB7745B23C538D600F8D21F /* knife.mp3 in Resources */ = {isa = PBXBuildFile; fileRef = 1CB7745323C538D600F8D21F /* knife.mp3 */; };
		1CB7745C23C538D600F8D21F /* swish.mp3 in Resources */ = {isa = PBXBuildFile; fileRef = 1CB7745423C538D600F8D21F /* swish.mp3 */; };
		1CB7745D23C538D600F8D21F /* shoot.mp3 in Resources */ = {isa = PBXBuildFile; fileRef = 1CB7745523C538D600F8D21F /* shoot.mp3 */; };
		1CB7745E23C538D600F8D21F /* boing.mp3 in Resources */ = {isa = PBXBuildFile; fileRef = 1CB7745623C538D600F8D21F /* boing.mp3 */; };
/* End PBXBuildFile section */

/* Begin PBXFileReference section */
		1CB7743523C51F2A00F8D21F /* Sound Demo.app */ = {isa = PBXFileReference; explicitFileType = wrapper.application; includeInIndex = 0; path = "Sound Demo.app"; sourceTree = BUILT_PRODUCTS_DIR; };
		1CB7743823C51F2A00F8D21F /* AppDelegate.swift */ = {isa = PBXFileReference; lastKnownFileType = sourcecode.swift; path = AppDelegate.swift; sourceTree = "<group>"; };
		1CB7743A23C51F2A00F8D21F /* SceneDelegate.swift */ = {isa = PBXFileReference; lastKnownFileType = sourcecode.swift; path = SceneDelegate.swift; sourceTree = "<group>"; };
		1CB7743C23C51F2A00F8D21F /* ViewController.swift */ = {isa = PBXFileReference; lastKnownFileType = sourcecode.swift; path = ViewController.swift; sourceTree = "<group>"; };
		1CB7743F23C51F2A00F8D21F /* Base */ = {isa = PBXFileReference; lastKnownFileType = file.storyboard; name = Base; path = Base.lproj/Main.storyboard; sourceTree = "<group>"; };
		1CB7744123C51F2B00F8D21F /* Assets.xcassets */ = {isa = PBXFileReference; lastKnownFileType = folder.assetcatalog; path = Assets.xcassets; sourceTree = "<group>"; };
		1CB7744423C51F2B00F8D21F /* Base */ = {isa = PBXFileReference; lastKnownFileType = file.storyboard; name = Base; path = Base.lproj/LaunchScreen.storyboard; sourceTree = "<group>"; };
		1CB7744623C51F2B00F8D21F /* Info.plist */ = {isa = PBXFileReference; lastKnownFileType = text.plist.xml; path = Info.plist; sourceTree = "<group>"; };
		1CB7744C23C5218100F8D21F /* bach.mp3 */ = {isa = PBXFileReference; lastKnownFileType = audio.mp3; path = bach.mp3; sourceTree = "<group>"; };
		1CB7744F23C538D600F8D21F /* hit.mp3 */ = {isa = PBXFileReference; lastKnownFileType = audio.mp3; path = hit.mp3; sourceTree = "<group>"; };
		1CB7745023C538D600F8D21F /* wah.mp3 */ = {isa = PBXFileReference; lastKnownFileType = audio.mp3; path = wah.mp3; sourceTree = "<group>"; };
		1CB7745123C538D600F8D21F /* warble.mp3 */ = {isa = PBXFileReference; lastKnownFileType = audio.mp3; path = warble.mp3; sourceTree = "<group>"; };
		1CB7745223C538D600F8D21F /* explosion.mp3 */ = {isa = PBXFileReference; lastKnownFileType = audio.mp3; path = explosion.mp3; sourceTree = "<group>"; };
		1CB7745323C538D600F8D21F /* knife.mp3 */ = {isa = PBXFileReference; lastKnownFileType = audio.mp3; path = knife.mp3; sourceTree = "<group>"; };
		1CB7745423C538D600F8D21F /* swish.mp3 */ = {isa = PBXFileReference; lastKnownFileType = audio.mp3; path = swish.mp3; sourceTree = "<group>"; };
		1CB7745523C538D600F8D21F /* shoot.mp3 */ = {isa = PBXFileReference; lastKnownFileType = audio.mp3; path = shoot.mp3; sourceTree = "<group>"; };
		1CB7745623C538D600F8D21F /* boing.mp3 */ = {isa = PBXFileReference; lastKnownFileType = audio.mp3; path = boing.mp3; sourceTree = "<group>"; };
/* End PBXFileReference section */

/* Begin PBXFrameworksBuildPhase section */
		1CB7743223C51F2A00F8D21F /* Frameworks */ = {
			isa = PBXFrameworksBuildPhase;
			buildActionMask = 2147483647;
			files = (
			);
			runOnlyForDeploymentPostprocessing = 0;
		};
/* End PBXFrameworksBuildPhase section */

/* Begin PBXGroup section */
		1CB7742C23C51F2A00F8D21F = {
			isa = PBXGroup;
			children = (
				1CB7743723C51F2A00F8D21F /* Sound Demo */,
				1CB7743623C51F2A00F8D21F /* Products */,
			);
			sourceTree = "<group>";
		};
		1CB7743623C51F2A00F8D21F /* Products */ = {
			isa = PBXGroup;
			children = (
				1CB7743523C51F2A00F8D21F /* Sound Demo.app */,
			);
			name = Products;
			sourceTree = "<group>";
		};
		1CB7743723C51F2A00F8D21F /* Sound Demo */ = {
			isa = PBXGroup;
			children = (
				1CB7744E23C538C300F8D21F /* Sounds */,
				1CB7743823C51F2A00F8D21F /* AppDelegate.swift */,
				1CB7743A23C51F2A00F8D21F /* SceneDelegate.swift */,
				1CB7743C23C51F2A00F8D21F /* ViewController.swift */,
				1CB7743E23C51F2A00F8D21F /* Main.storyboard */,
				1CB7744123C51F2B00F8D21F /* Assets.xcassets */,
				1CB7744323C51F2B00F8D21F /* LaunchScreen.storyboard */,
				1CB7744623C51F2B00F8D21F /* Info.plist */,
			);
			path = "Sound Demo";
			sourceTree = "<group>";
		};
		1CB7744E23C538C300F8D21F /* Sounds */ = {
			isa = PBXGroup;
			children = (
				1CB7745623C538D600F8D21F /* boing.mp3 */,
				1CB7745223C538D600F8D21F /* explosion.mp3 */,
				1CB7744F23C538D600F8D21F /* hit.mp3 */,
				1CB7745323C538D600F8D21F /* knife.mp3 */,
				1CB7745523C538D600F8D21F /* shoot.mp3 */,
				1CB7745423C538D600F8D21F /* swish.mp3 */,
				1CB7745023C538D600F8D21F /* wah.mp3 */,
				1CB7744C23C5218100F8D21F /* bach.mp3 */,
				1CB7745123C538D600F8D21F /* warble.mp3 */,
			);
			path = Sounds;
			sourceTree = "<group>";
		};
/* End PBXGroup section */

/* Begin PBXNativeTarget section */
		1CB7743423C51F2A00F8D21F /* Sound Demo */ = {
			isa = PBXNativeTarget;
			buildConfigurationList = 1CB7744923C51F2B00F8D21F /* Build configuration list for PBXNativeTarget "Sound Demo" */;
			buildPhases = (
				1CB7743123C51F2A00F8D21F /* Sources */,
				1CB7743223C51F2A00F8D21F /* Frameworks */,
				1CB7743323C51F2A00F8D21F /* Resources */,
			);
			buildRules = (
			);
			dependencies = (
			);
			name = "Sound Demo";
			productName = "Sound Demo";
			productReference = 1CB7743523C51F2A00F8D21F /* Sound Demo.app */;
			productType = "com.apple.product-type.application";
		};
/* End PBXNativeTarget section */

/* Begin PBXProject section */
		1CB7742D23C51F2A00F8D21F /* Project object */ = {
			isa = PBXProject;
			attributes = {
				LastSwiftUpdateCheck = 1130;
				LastUpgradeCheck = 1130;
				ORGANIZATIONNAME = mohammadkiani;
				TargetAttributes = {
					1CB7743423C51F2A00F8D21F = {
						CreatedOnToolsVersion = 11.3;
					};
				};
			};
			buildConfigurationList = 1CB7743023C51F2A00F8D21F /* Build configuration list for PBXProject "Sound Demo" */;
			compatibilityVersion = "Xcode 9.3";
			developmentRegion = en;
			hasScannedForEncodings = 0;
			knownRegions = (
				en,
				Base,
			);
			mainGroup = 1CB7742C23C51F2A00F8D21F;
			productRefGroup = 1CB7743623C51F2A00F8D21F /* Products */;
			projectDirPath = "";
			projectRoot = "";
			targets = (
				1CB7743423C51F2A00F8D21F /* Sound Demo */,
			);
		};
/* End PBXProject section */

/* Begin PBXResourcesBuildPhase section */
		1CB7743323C51F2A00F8D21F /* Resources */ = {
			isa = PBXResourcesBuildPhase;
			buildActionMask = 2147483647;
			files = (
				1CB7744D23C5218100F8D21F /* bach.mp3 in Resources */,
				1CB7745C23C538D600F8D21F /* swish.mp3 in Resources */,
				1CB7745E23C538D600F8D21F /* boing.mp3 in Resources */,
				1CB7744523C51F2B00F8D21F /* LaunchScreen.storyboard in Resources */,
				1CB7744223C51F2B00F8D21F /* Assets.xcassets in Resources */,
				1CB7745823C538D600F8D21F /* wah.mp3 in Resources */,
				1CB7745B23C538D600F8D21F /* knife.mp3 in Resources */,
				1CB7745D23C538D600F8D21F /* shoot.mp3 in Resources */,
				1CB7745A23C538D600F8D21F /* explosion.mp3 in Resources */,
				1CB7745923C538D600F8D21F /* warble.mp3 in Resources */,
				1CB7744023C51F2A00F8D21F /* Main.storyboard in Resources */,
				1CB7745723C538D600F8D21F /* hit.mp3 in Resources */,
			);
			runOnlyForDeploymentPostprocessing = 0;
		};
/* End PBXResourcesBuildPhase section */

/* Begin PBXSourcesBuildPhase section */
		1CB7743123C51F2A00F8D21F /* Sources */ = {
			isa = PBXSourcesBuildPhase;
			buildActionMask = 2147483647;
			files = (
				1CB7743D23C51F2A00F8D21F /* ViewController.swift in Sources */,
				1CB7743923C51F2A00F8D21F /* AppDelegate.swift in Sources */,
				1CB7743B23C51F2A00F8D21F /* SceneDelegate.swift in Sources */,
			);
			runOnlyForDeploymentPostprocessing = 0;
		};
/* End PBXSourcesBuildPhase section */

/* Begin PBXVariantGroup section */
		1CB7743E23C51F2A00F8D21F /* Main.storyboard */ = {
			isa = PBXVariantGroup;
			children = (
				1CB7743F23C51F2A00F8D21F /* Base */,
			);
			name = Main.storyboard;
			sourceTree = "<group>";
		};
		1CB7744323C51F2B00F8D21F /* LaunchScreen.storyboard */ = {
			isa = PBXVariantGroup;
			children = (
				1CB7744423C51F2B00F8D21F /* Base */,
			);
			name = LaunchScreen.storyboard;
			sourceTree = "<group>";
		};
/* End PBXVariantGroup section */

/* Begin XCBuildConfiguration section */
		1CB7744723C51F2B00F8D21F /* Debug */ = {
			isa = XCBuildConfiguration;
			buildSettings = {
				ALWAYS_SEARCH_USER_PATHS = NO;
				CLANG_ANALYZER_NONNULL = YES;
				CLANG_ANALYZER_NUMBER_OBJECT_CONVERSION = YES_AGGRESSIVE;
				CLANG_CXX_LANGUAGE_STANDARD = "gnu++14";
				CLANG_CXX_LIBRARY = "libc++";
				CLANG_ENABLE_MODULES = YES;
				CLANG_ENABLE_OBJC_ARC = YES;
				CLANG_ENABLE_OBJC_WEAK = YES;
				CLANG_WARN_BLOCK_CAPTURE_AUTORELEASING = YES;
				CLANG_WARN_BOOL_CONVERSION = YES;
				CLANG_WARN_COMMA = YES;
				CLANG_WARN_CONSTANT_CONVERSION = YES;
				CLANG_WARN_DEPRECATED_OBJC_IMPLEMENTATIONS = YES;
				CLANG_WARN_DIRECT_OBJC_ISA_USAGE = YES_ERROR;
				CLANG_WARN_DOCUMENTATION_COMMENTS = YES;
				CLANG_WARN_EMPTY_BODY = YES;
				CLANG_WARN_ENUM_CONVERSION = YES;
				CLANG_WARN_INFINITE_RECURSION = YES;
				CLANG_WARN_INT_CONVERSION = YES;
				CLANG_WARN_NON_LITERAL_NULL_CONVERSION = YES;
				CLANG_WARN_OBJC_IMPLICIT_RETAIN_SELF = YES;
				CLANG_WARN_OBJC_LITERAL_CONVERSION = YES;
				CLANG_WARN_OBJC_ROOT_CLASS = YES_ERROR;
				CLANG_WARN_RANGE_LOOP_ANALYSIS = YES;
				CLANG_WARN_STRICT_PROTOTYPES = YES;
				CLANG_WARN_SUSPICIOUS_MOVE = YES;
				CLANG_WARN_UNGUARDED_AVAILABILITY = YES_AGGRESSIVE;
				CLANG_WARN_UNREACHABLE_CODE = YES;
				CLANG_WARN__DUPLICATE_METHOD_MATCH = YES;
				COPY_PHASE_STRIP = NO;
				DEBUG_INFORMATION_FORMAT = dwarf;
				ENABLE_STRICT_OBJC_MSGSEND = YES;
				ENABLE_TESTABILITY = YES;
				GCC_C_LANGUAGE_STANDARD = gnu11;
				GCC_DYNAMIC_NO_PIC = NO;
				GCC_NO_COMMON_BLOCKS = YES;
				GCC_OPTIMIZATION_LEVEL = 0;
				GCC_PREPROCESSOR_DEFINITIONS = (
					"DEBUG=1",
					"$(inherited)",
				);
				GCC_WARN_64_TO_32_BIT_CONVERSION = YES;
				GCC_WARN_ABOUT_RETURN_TYPE = YES_ERROR;
				GCC_WARN_UNDECLARED_SELECTOR = YES;
				GCC_WARN_UNINITIALIZED_AUTOS = YES_AGGRESSIVE;
				GCC_WARN_UNUSED_FUNCTION = YES;
				GCC_WARN_UNUSED_VARIABLE = YES;
				IPHONEOS_DEPLOYMENT_TARGET = 13.2;
				MTL_ENABLE_DEBUG_INFO = INCLUDE_SOURCE;
				MTL_FAST_MATH = YES;
				ONLY_ACTIVE_ARCH = YES;
				SDKROOT = iphoneos;
				SWIFT_ACTIVE_COMPILATION_CONDITIONS = DEBUG;
				SWIFT_OPTIMIZATION_LEVEL = "-Onone";
			};
			name = Debug;
		};
		1CB7744823C51F2B00F8D21F /* Release */ = {
			isa = XCBuildConfiguration;
			buildSettings = {
				ALWAYS_SEARCH_USER_PATHS = NO;
				CLANG_ANALYZER_NONNULL = YES;
				CLANG_ANALYZER_NUMBER_OBJECT_CONVERSION = YES_AGGRESSIVE;
				CLANG_CXX_LANGUAGE_STANDARD = "gnu++14";
				CLANG_CXX_LIBRARY = "libc++";
				CLANG_ENABLE_MODULES = YES;
				CLANG_ENABLE_OBJC_ARC = YES;
				CLANG_ENABLE_OBJC_WEAK = YES;
				CLANG_WARN_BLOCK_CAPTURE_AUTORELEASING = YES;
				CLANG_WARN_BOOL_CONVERSION = YES;
				CLANG_WARN_COMMA = YES;
				CLANG_WARN_CONSTANT_CONVERSION = YES;
				CLANG_WARN_DEPRECATED_OBJC_IMPLEMENTATIONS = YES;
				CLANG_WARN_DIRECT_OBJC_ISA_USAGE = YES_ERROR;
				CLANG_WARN_DOCUMENTATION_COMMENTS = YES;
				CLANG_WARN_EMPTY_BODY = YES;
				CLANG_WARN_ENUM_CONVERSION = YES;
				CLANG_WARN_INFINITE_RECURSION = YES;
				CLANG_WARN_INT_CONVERSION = YES;
				CLANG_WARN_NON_LITERAL_NULL_CONVERSION = YES;
				CLANG_WARN_OBJC_IMPLICIT_RETAIN_SELF = YES;
				CLANG_WARN_OBJC_LITERAL_CONVERSION = YES;
				CLANG_WARN_OBJC_ROOT_CLASS = YES_ERROR;
				CLANG_WARN_RANGE_LOOP_ANALYSIS = YES;
				CLANG_WARN_STRICT_PROTOTYPES = YES;
				CLANG_WARN_SUSPICIOUS_MOVE = YES;
				CLANG_WARN_UNGUARDED_AVAILABILITY = YES_AGGRESSIVE;
				CLANG_WARN_UNREACHABLE_CODE = YES;
				CLANG_WARN__DUPLICATE_METHOD_MATCH = YES;
				COPY_PHASE_STRIP = NO;
				DEBUG_INFORMATION_FORMAT = "dwarf-with-dsym";
				ENABLE_NS_ASSERTIONS = NO;
				ENABLE_STRICT_OBJC_MSGSEND = YES;
				GCC_C_LANGUAGE_STANDARD = gnu11;
				GCC_NO_COMMON_BLOCKS = YES;
				GCC_WARN_64_TO_32_BIT_CONVERSION = YES;
				GCC_WARN_ABOUT_RETURN_TYPE = YES_ERROR;
				GCC_WARN_UNDECLARED_SELECTOR = YES;
				GCC_WARN_UNINITIALIZED_AUTOS = YES_AGGRESSIVE;
				GCC_WARN_UNUSED_FUNCTION = YES;
				GCC_WARN_UNUSED_VARIABLE = YES;
				IPHONEOS_DEPLOYMENT_TARGET = 13.2;
				MTL_ENABLE_DEBUG_INFO = NO;
				MTL_FAST_MATH = YES;
				SDKROOT = iphoneos;
				SWIFT_COMPILATION_MODE = wholemodule;
				SWIFT_OPTIMIZATION_LEVEL = "-O";
				VALIDATE_PRODUCT = YES;
			};
			name = Release;
		};
		1CB7744A23C51F2B00F8D21F /* Debug */ = {
			isa = XCBuildConfiguration;
			buildSettings = {
				ASSETCATALOG_COMPILER_APPICON_NAME = AppIcon;
				CODE_SIGN_STYLE = Automatic;
				DEVELOPMENT_TEAM = 439A5LJCX9;
				INFOPLIST_FILE = "Sound Demo/Info.plist";
				LD_RUNPATH_SEARCH_PATHS = (
					"$(inherited)",
					"@executable_path/Frameworks",
				);
				PRODUCT_BUNDLE_IDENTIFIER = "com.mohammadkiani.Sound-Demo";
				PRODUCT_NAME = "$(TARGET_NAME)";
				SWIFT_VERSION = 5.0;
				TARGETED_DEVICE_FAMILY = "1,2";
			};
			name = Debug;
		};
		1CB7744B23C51F2B00F8D21F /* Release */ = {
			isa = XCBuildConfiguration;
			buildSettings = {
				ASSETCATALOG_COMPILER_APPICON_NAME = AppIcon;
				CODE_SIGN_STYLE = Automatic;
				DEVELOPMENT_TEAM = 439A5LJCX9;
				INFOPLIST_FILE = "Sound Demo/Info.plist";
				LD_RUNPATH_SEARCH_PATHS = (
					"$(inherited)",
					"@executable_path/Frameworks",
				);
				PRODUCT_BUNDLE_IDENTIFIER = "com.mohammadkiani.Sound-Demo";
				PRODUCT_NAME = "$(TARGET_NAME)";
				SWIFT_VERSION = 5.0;
				TARGETED_DEVICE_FAMILY = "1,2";
			};
			name = Release;
		};
/* End XCBuildConfiguration section */

/* Begin XCConfigurationList section */
		1CB7743023C51F2A00F8D21F /* Build configuration list for PBXProject "Sound Demo" */ = {
			isa = XCConfigurationList;
			buildConfigurations = (
				1CB7744723C51F2B00F8D21F /* Debug */,
				1CB7744823C51F2B00F8D21F /* Release */,
			);
			defaultConfigurationIsVisible = 0;
			defaultConfigurationName = Release;
		};
		1CB7744923C51F2B00F8D21F /* Build configuration list for PBXNativeTarget "Sound Demo" */ = {
			isa = XCConfigurationList;
			buildConfigurations = (
				1CB7744A23C51F2B00F8D21F /* Debug */,
				1CB7744B23C51F2B00F8D21F /* Release */,
			);
			defaultConfigurationIsVisible = 0;
			defaultConfigurationName = Release;
		};
/* End XCConfigurationList section */
	};
	rootObject = 1CB7742D23C51F2A00F8D21F /* Project object */;
}
